
Microsoft Visual Studio Solution File, Format Version 12.00
# Visual Studio Version 17
VisualStudioVersion = 17.0.31903.59
MinimumVisualStudioVersion = 10.0.40219.1
Project("{FAE04EC0-301F-11D3-BF4B-00C04F79EFBC}") = "EngineCore", "EngineCore\EngineCore.csproj", "{95EAE846-3FA2-4C28-A0C2-2EAD2C4C3C0F}"
EndProject
Project("{FAE04EC0-301F-11D3-BF4B-00C04F79EFBC}") = "EngineCLI", "EngineCLI\EngineCLI.csproj", "{52E1CA25-F337-4BF8-AB50-BC49B1AAAEEE}"
EndProject
Project("{FAE04EC0-301F-11D3-BF4B-00C04F79EFBC}") = "EngineTests", "EngineTests\EngineTests.csproj", "{63C39FCA-EF7B-467F-9C8D-638560CD127F}"
EndProject
Global
	GlobalSection(SolutionConfigurationPlatforms) = preSolution
		Debug|Any CPU = Debug|Any CPU
		Release|Any CPU = Release|Any CPU
	EndGlobalSection
	GlobalSection(SolutionProperties) = preSolution
		HideSolutionNode = FALSE
	EndGlobalSection
	GlobalSection(ProjectConfigurationPlatforms) = postSolution
		{95EAE846-3FA2-4C28-A0C2-2EAD2C4C3C0F}.Debug|Any CPU.ActiveCfg = Debug|Any CPU
		{95EAE846-3FA2-4C28-A0C2-2EAD2C4C3C0F}.Debug|Any CPU.Build.0 = Debug|Any CPU
		{95EAE846-3FA2-4C28-A0C2-2EAD2C4C3C0F}.Release|Any CPU.ActiveCfg = Release|Any CPU
		{95EAE846-3FA2-4C28-A0C2-2EAD2C4C3C0F}.Release|Any CPU.Build.0 = Release|Any CPU
		{52E1CA25-F337-4BF8-AB50-BC49B1AAAEEE}.Debug|Any CPU.ActiveCfg = Debug|Any CPU
		{52E1CA25-F337-4BF8-AB50-BC49B1AAAEEE}.Debug|Any CPU.Build.0 = Debug|Any CPU
		{52E1CA25-F337-4BF8-AB50-BC49B1AAAEEE}.Release|Any CPU.ActiveCfg = Release|Any CPU
		{52E1CA25-F337-4BF8-AB50-BC49B1AAAEEE}.Release|Any CPU.Build.0 = Release|Any CPU
		{63C39FCA-EF7B-467F-9C8D-638560CD127F}.Debug|Any CPU.ActiveCfg = Debug|Any CPU
		{63C39FCA-EF7B-467F-9C8D-638560CD127F}.Debug|Any CPU.Build.0 = Debug|Any CPU
		{63C39FCA-EF7B-467F-9C8D-638560CD127F}.Release|Any CPU.ActiveCfg = Release|Any CPU
		{63C39FCA-EF7B-467F-9C8D-638560CD127F}.Release|Any CPU.Build.0 = Release|Any CPU
	EndGlobalSection
EndGlobal
